// !$*UTF8*$!
{
	archiveVersion = 1;
	classes = {
	};
	objectVersion = 46;
	objects = {

/* Begin PBXBuildFile section */
		520D31B31C926EC80083215F /* AppDelegate.swift in Sources */ = {isa = PBXBuildFile; fileRef = 520D31B21C926EC80083215F /* AppDelegate.swift */; };
		520D31B51C926EC80083215F /* ViewController.swift in Sources */ = {isa = PBXBuildFile; fileRef = 520D31B41C926EC80083215F /* ViewController.swift */; };
		520D31B81C926EC80083215F /* Main.storyboard in Resources */ = {isa = PBXBuildFile; fileRef = 520D31B61C926EC80083215F /* Main.storyboard */; };
		520D31BA1C926EC80083215F /* Assets.xcassets in Resources */ = {isa = PBXBuildFile; fileRef = 520D31B91C926EC80083215F /* Assets.xcassets */; };
		520D31BD1C926EC80083215F /* LaunchScreen.storyboard in Resources */ = {isa = PBXBuildFile; fileRef = 520D31BB1C926EC80083215F /* LaunchScreen.storyboard */; };
		520D31C81C926EC80083215F /* MoviesDbTests.swift in Sources */ = {isa = PBXBuildFile; fileRef = 520D31C71C926EC80083215F /* MoviesDbTests.swift */; };
		520D31D31C926EC80083215F /* MoviesDbUITests.swift in Sources */ = {isa = PBXBuildFile; fileRef = 520D31D21C926EC80083215F /* MoviesDbUITests.swift */; };
		5210BF6E1C9359EF00A96EA8 /* CustomCell.swift in Sources */ = {isa = PBXBuildFile; fileRef = 5210BF6D1C9359EF00A96EA8 /* CustomCell.swift */; };
		521122E81C93094E00571E9A /* Movie.swift in Sources */ = {isa = PBXBuildFile; fileRef = 521122E71C93094E00571E9A /* Movie.swift */; };
		8E449F9EB9851421AFB7C720 /* Pods_MoviesDb.framework in Frameworks */ = {isa = PBXBuildFile; fileRef = 390541F33CCC488B66831430 /* Pods_MoviesDb.framework */; };
		AF96A19347D0919643CA637A /* Pods.framework in Frameworks */ = {isa = PBXBuildFile; fileRef = 110A831FEDD3425555DB2759 /* Pods.framework */; };
/* End PBXBuildFile section */

/* Begin PBXContainerItemProxy section */
		520D31C41C926EC80083215F /* PBXContainerItemProxy */ = {
			isa = PBXContainerItemProxy;
			containerPortal = 520D31A71C926EC80083215F /* Project object */;
			proxyType = 1;
			remoteGlobalIDString = 520D31AE1C926EC80083215F;
			remoteInfo = MoviesDb;
		};
		520D31CF1C926EC80083215F /* PBXContainerItemProxy */ = {
			isa = PBXContainerItemProxy;
			containerPortal = 520D31A71C926EC80083215F /* Project object */;
			proxyType = 1;
			remoteGlobalIDString = 520D31AE1C926EC80083215F;
			remoteInfo = MoviesDb;
		};
/* End PBXContainerItemProxy section */

/* Begin PBXFileReference section */
		110A831FEDD3425555DB2759 /* Pods.framework */ = {isa = PBXFileReference; explicitFileType = wrapper.framework; includeInIndex = 0; path = Pods.framework; sourceTree = BUILT_PRODUCTS_DIR; };
		1AC26D0DFDB1C5FD3299980D /* Pods.debug.xcconfig */ = {isa = PBXFileReference; includeInIndex = 1; lastKnownFileType = text.xcconfig; name = Pods.debug.xcconfig; path = "Pods/Target Support Files/Pods/Pods.debug.xcconfig"; sourceTree = "<group>"; };
		390541F33CCC488B66831430 /* Pods_MoviesDb.framework */ = {isa = PBXFileReference; explicitFileType = wrapper.framework; includeInIndex = 0; path = Pods_MoviesDb.framework; sourceTree = BUILT_PRODUCTS_DIR; };
		520D31AF1C926EC80083215F /* MoviesDb.app */ = {isa = PBXFileReference; explicitFileType = wrapper.application; includeInIndex = 0; path = MoviesDb.app; sourceTree = BUILT_PRODUCTS_DIR; };
		520D31B21C926EC80083215F /* AppDelegate.swift */ = {isa = PBXFileReference; lastKnownFileType = sourcecode.swift; path = AppDelegate.swift; sourceTree = "<group>"; };
		520D31B41C926EC80083215F /* ViewController.swift */ = {isa = PBXFileReference; lastKnownFileType = sourcecode.swift; path = ViewController.swift; sourceTree = "<group>"; };
		520D31B71C926EC80083215F /* Base */ = {isa = PBXFileReference; lastKnownFileType = file.storyboard; name = Base; path = Base.lproj/Main.storyboard; sourceTree = "<group>"; };
		520D31B91C926EC80083215F /* Assets.xcassets */ = {isa = PBXFileReference; lastKnownFileType = folder.assetcatalog; path = Assets.xcassets; sourceTree = "<group>"; };
		520D31BC1C926EC80083215F /* Base */ = {isa = PBXFileReference; lastKnownFileType = file.storyboard; name = Base; path = Base.lproj/LaunchScreen.storyboard; sourceTree = "<group>"; };
		520D31BE1C926EC80083215F /* Info.plist */ = {isa = PBXFileReference; lastKnownFileType = text.plist.xml; path = Info.plist; sourceTree = "<group>"; };
		520D31C31C926EC80083215F /* MoviesDbTests.xctest */ = {isa = PBXFileReference; explicitFileType = wrapper.cfbundle; includeInIndex = 0; path = MoviesDbTests.xctest; sourceTree = BUILT_PRODUCTS_DIR; };
		520D31C71C926EC80083215F /* MoviesDbTests.swift */ = {isa = PBXFileReference; lastKnownFileType = sourcecode.swift; path = MoviesDbTests.swift; sourceTree = "<group>"; };
		520D31C91C926EC80083215F /* Info.plist */ = {isa = PBXFileReference; lastKnownFileType = text.plist.xml; path = Info.plist; sourceTree = "<group>"; };
		520D31CE1C926EC80083215F /* MoviesDbUITests.xctest */ = {isa = PBXFileReference; explicitFileType = wrapper.cfbundle; includeInIndex = 0; path = MoviesDbUITests.xctest; sourceTree = BUILT_PRODUCTS_DIR; };
		520D31D21C926EC80083215F /* MoviesDbUITests.swift */ = {isa = PBXFileReference; lastKnownFileType = sourcecode.swift; path = MoviesDbUITests.swift; sourceTree = "<group>"; };
		520D31D41C926EC80083215F /* Info.plist */ = {isa = PBXFileReference; lastKnownFileType = text.plist.xml; path = Info.plist; sourceTree = "<group>"; };
		5210BF6D1C9359EF00A96EA8 /* CustomCell.swift */ = {isa = PBXFileReference; fileEncoding = 4; lastKnownFileType = sourcecode.swift; path = CustomCell.swift; sourceTree = "<group>"; };
		521122E71C93094E00571E9A /* Movie.swift */ = {isa = PBXFileReference; fileEncoding = 4; lastKnownFileType = sourcecode.swift; path = Movie.swift; sourceTree = "<group>"; };
		D0667DAC3727F20EF4124F5D /* Pods.release.xcconfig */ = {isa = PBXFileReference; includeInIndex = 1; lastKnownFileType = text.xcconfig; name = Pods.release.xcconfig; path = "Pods/Target Support Files/Pods/Pods.release.xcconfig"; sourceTree = "<group>"; };
/* End PBXFileReference section */

/* Begin PBXFrameworksBuildPhase section */
		520D31AC1C926EC80083215F /* Frameworks */ = {
			isa = PBXFrameworksBuildPhase;
			buildActionMask = 2147483647;
			files = (
				AF96A19347D0919643CA637A /* Pods.framework in Frameworks */,
				8E449F9EB9851421AFB7C720 /* Pods_MoviesDb.framework in Frameworks */,
			);
			runOnlyForDeploymentPostprocessing = 0;
		};
		520D31C01C926EC80083215F /* Frameworks */ = {
			isa = PBXFrameworksBuildPhase;
			buildActionMask = 2147483647;
			files = (
			);
			runOnlyForDeploymentPostprocessing = 0;
		};
		520D31CB1C926EC80083215F /* Frameworks */ = {
			isa = PBXFrameworksBuildPhase;
			buildActionMask = 2147483647;
			files = (
			);
			runOnlyForDeploymentPostprocessing = 0;
		};
/* End PBXFrameworksBuildPhase section */

/* Begin PBXGroup section */
		520D31A61C926EC80083215F = {
			isa = PBXGroup;
			children = (
				520D31B11C926EC80083215F /* MoviesDb */,
				520D31C61C926EC80083215F /* MoviesDbTests */,
				520D31D11C926EC80083215F /* MoviesDbUITests */,
				520D31B01C926EC80083215F /* Products */,
				D61D891E9428B02D865B985F /* Pods */,
				96A8D24BA9ADDA3A6728FEF5 /* Frameworks */,
			);
			sourceTree = "<group>";
		};
		520D31B01C926EC80083215F /* Products */ = {
			isa = PBXGroup;
			children = (
				520D31AF1C926EC80083215F /* MoviesDb.app */,
				520D31C31C926EC80083215F /* MoviesDbTests.xctest */,
				520D31CE1C926EC80083215F /* MoviesDbUITests.xctest */,
			);
			name = Products;
			sourceTree = "<group>";
		};
		520D31B11C926EC80083215F /* MoviesDb */ = {
			isa = PBXGroup;
			children = (
				521122E61C93093500571E9A /* Model */,
				520D31B21C926EC80083215F /* AppDelegate.swift */,
				520D31B41C926EC80083215F /* ViewController.swift */,
				520D31B61C926EC80083215F /* Main.storyboard */,
				520D31B91C926EC80083215F /* Assets.xcassets */,
				520D31BB1C926EC80083215F /* LaunchScreen.storyboard */,
				520D31BE1C926EC80083215F /* Info.plist */,
				5210BF6D1C9359EF00A96EA8 /* CustomCell.swift */,
			);
			path = MoviesDb;
			sourceTree = "<group>";
		};
		520D31C61C926EC80083215F /* MoviesDbTests */ = {
			isa = PBXGroup;
			children = (
				520D31C71C926EC80083215F /* MoviesDbTests.swift */,
				520D31C91C926EC80083215F /* Info.plist */,
			);
			path = MoviesDbTests;
			sourceTree = "<group>";
		};
		520D31D11C926EC80083215F /* MoviesDbUITests */ = {
			isa = PBXGroup;
			children = (
				520D31D21C926EC80083215F /* MoviesDbUITests.swift */,
				520D31D41C926EC80083215F /* Info.plist */,
			);
			path = MoviesDbUITests;
			sourceTree = "<group>";
		};
		521122E61C93093500571E9A /* Model */ = {
			isa = PBXGroup;
			children = (
				521122E71C93094E00571E9A /* Movie.swift */,
			);
			name = Model;
			sourceTree = "<group>";
		};
		96A8D24BA9ADDA3A6728FEF5 /* Frameworks */ = {
			isa = PBXGroup;
			children = (
				110A831FEDD3425555DB2759 /* Pods.framework */,
				390541F33CCC488B66831430 /* Pods_MoviesDb.framework */,
			);
			name = Frameworks;
			sourceTree = "<group>";
		};
		D61D891E9428B02D865B985F /* Pods */ = {
			isa = PBXGroup;
			children = (
				1AC26D0DFDB1C5FD3299980D /* Pods.debug.xcconfig */,
				D0667DAC3727F20EF4124F5D /* Pods.release.xcconfig */,
			);
			name = Pods;
			sourceTree = "<group>";
		};
/* End PBXGroup section */

/* Begin PBXNativeTarget section */
		520D31AE1C926EC80083215F /* MoviesDb */ = {
			isa = PBXNativeTarget;
			buildConfigurationList = 520D31D71C926EC80083215F /* Build configuration list for PBXNativeTarget "MoviesDb" */;
			buildPhases = (
				7FD06E0E3205C332FABEDE12 /* Check Pods Manifest.lock */,
				520D31AB1C926EC80083215F /* Sources */,
				520D31AC1C926EC80083215F /* Frameworks */,
				520D31AD1C926EC80083215F /* Resources */,
				07B16E9570D3615249E4C74F /* Embed Pods Frameworks */,
				DA852B085BFF096AA6AFDCEA /* Copy Pods Resources */,
			);
			buildRules = (
			);
			dependencies = (
			);
			name = MoviesDb;
			productName = MoviesDb;
			productReference = 520D31AF1C926EC80083215F /* MoviesDb.app */;
			productType = "com.apple.product-type.application";
		};
		520D31C21C926EC80083215F /* MoviesDbTests */ = {
			isa = PBXNativeTarget;
			buildConfigurationList = 520D31DA1C926EC80083215F /* Build configuration list for PBXNativeTarget "MoviesDbTests" */;
			buildPhases = (
				520D31BF1C926EC80083215F /* Sources */,
				520D31C01C926EC80083215F /* Frameworks */,
				520D31C11C926EC80083215F /* Resources */,
			);
			buildRules = (
			);
			dependencies = (
				520D31C51C926EC80083215F /* PBXTargetDependency */,
			);
			name = MoviesDbTests;
			productName = MoviesDbTests;
			productReference = 520D31C31C926EC80083215F /* MoviesDbTests.xctest */;
			productType = "com.apple.product-type.bundle.unit-test";
		};
		520D31CD1C926EC80083215F /* MoviesDbUITests */ = {
			isa = PBXNativeTarget;
			buildConfigurationList = 520D31DD1C926EC80083215F /* Build configuration list for PBXNativeTarget "MoviesDbUITests" */;
			buildPhases = (
				520D31CA1C926EC80083215F /* Sources */,
				520D31CB1C926EC80083215F /* Frameworks */,
				520D31CC1C926EC80083215F /* Resources */,
			);
			buildRules = (
			);
			dependencies = (
				520D31D01C926EC80083215F /* PBXTargetDependency */,
			);
			name = MoviesDbUITests;
			productName = MoviesDbUITests;
			productReference = 520D31CE1C926EC80083215F /* MoviesDbUITests.xctest */;
			productType = "com.apple.product-type.bundle.ui-testing";
		};
/* End PBXNativeTarget section */

/* Begin PBXProject section */
		520D31A71C926EC80083215F /* Project object */ = {
			isa = PBXProject;
			attributes = {
				LastSwiftUpdateCheck = 0720;
				LastUpgradeCheck = 0720;
				ORGANIZATIONNAME = Rodrigo;
				TargetAttributes = {
					520D31AE1C926EC80083215F = {
						CreatedOnToolsVersion = 7.2.1;
					};
					520D31C21C926EC80083215F = {
						CreatedOnToolsVersion = 7.2.1;
						TestTargetID = 520D31AE1C926EC80083215F;
					};
					520D31CD1C926EC80083215F = {
						CreatedOnToolsVersion = 7.2.1;
						TestTargetID = 520D31AE1C926EC80083215F;
					};
				};
			};
			buildConfigurationList = 520D31AA1C926EC80083215F /* Build configuration list for PBXProject "MoviesDb" */;
			compatibilityVersion = "Xcode 3.2";
			developmentRegion = English;
			hasScannedForEncodings = 0;
			knownRegions = (
				en,
				Base,
			);
			mainGroup = 520D31A61C926EC80083215F;
			productRefGroup = 520D31B01C926EC80083215F /* Products */;
			projectDirPath = "";
			projectRoot = "";
			targets = (
				520D31AE1C926EC80083215F /* MoviesDb */,
				520D31C21C926EC80083215F /* MoviesDbTests */,
				520D31CD1C926EC80083215F /* MoviesDbUITests */,
			);
		};
/* End PBXProject section */

/* Begin PBXResourcesBuildPhase section */
		520D31AD1C926EC80083215F /* Resources */ = {
			isa = PBXResourcesBuildPhase;
			buildActionMask = 2147483647;
			files = (
				520D31BD1C926EC80083215F /* LaunchScreen.storyboard in Resources */,
				520D31BA1C926EC80083215F /* Assets.xcassets in Resources */,
				520D31B81C926EC80083215F /* Main.storyboard in Resources */,
			);
			runOnlyForDeploymentPostprocessing = 0;
		};
		520D31C11C926EC80083215F /* Resources */ = {
			isa = PBXResourcesBuildPhase;
			buildActionMask = 2147483647;
			files = (
			);
			runOnlyForDeploymentPostprocessing = 0;
		};
		520D31CC1C926EC80083215F /* Resources */ = {
			isa = PBXResourcesBuildPhase;
			buildActionMask = 2147483647;
			files = (
			);
			runOnlyForDeploymentPostprocessing = 0;
		};
/* End PBXResourcesBuildPhase section */

/* Begin PBXShellScriptBuildPhase section */
		07B16E9570D3615249E4C74F /* Embed Pods Frameworks */ = {
			isa = PBXShellScriptBuildPhase;
			buildActionMask = 2147483647;
			files = (
			);
			inputPaths = (
			);
			name = "Embed Pods Frameworks";
			outputPaths = (
			);
			runOnlyForDeploymentPostprocessing = 0;
			shellPath = /bin/sh;
			shellScript = "\"${SRCROOT}/Pods/Target Support Files/Pods-MoviesDb/Pods-MoviesDb-frameworks.sh\"\n";
			showEnvVarsInLog = 0;
		};
		7FD06E0E3205C332FABEDE12 /* Check Pods Manifest.lock */ = {
			isa = PBXShellScriptBuildPhase;
			buildActionMask = 2147483647;
			files = (
			);
			inputPaths = (
			);
			name = "Check Pods Manifest.lock";
			outputPaths = (
			);
			runOnlyForDeploymentPostprocessing = 0;
			shellPath = /bin/sh;
			shellScript = "diff \"${PODS_ROOT}/../Podfile.lock\" \"${PODS_ROOT}/Manifest.lock\" > /dev/null\nif [[ $? != 0 ]] ; then\n    cat << EOM\nerror: The sandbox is not in sync with the Podfile.lock. Run 'pod install' or update your CocoaPods installation.\nEOM\n    exit 1\nfi\n";
			showEnvVarsInLog = 0;
		};
		DA852B085BFF096AA6AFDCEA /* Copy Pods Resources */ = {
			isa = PBXShellScriptBuildPhase;
			buildActionMask = 2147483647;
			files = (
			);
			inputPaths = (
			);
			name = "Copy Pods Resources";
			outputPaths = (
			);
			runOnlyForDeploymentPostprocessing = 0;
			shellPath = /bin/sh;
			shellScript = "\"${SRCROOT}/Pods/Target Support Files/Pods-MoviesDb/Pods-MoviesDb-resources.sh\"\n";
			showEnvVarsInLog = 0;
		};
/* End PBXShellScriptBuildPhase section */

/* Begin PBXSourcesBuildPhase section */
		520D31AB1C926EC80083215F /* Sources */ = {
			isa = PBXSourcesBuildPhase;
			buildActionMask = 2147483647;
			files = (
				520D31B51C926EC80083215F /* ViewController.swift in Sources */,
				520D31B31C926EC80083215F /* AppDelegate.swift in Sources */,
				5210BF6E1C9359EF00A96EA8 /* CustomCell.swift in Sources */,
				521122E81C93094E00571E9A /* Movie.swift in Sources */,
			);
			runOnlyForDeploymentPostprocessing = 0;
		};
		520D31BF1C926EC80083215F /* Sources */ = {
			isa = PBXSourcesBuildPhase;
			buildActionMask = 2147483647;
			files = (
				520D31C81C926EC80083215F /* MoviesDbTests.swift in Sources */,
			);
			runOnlyForDeploymentPostprocessing = 0;
		};
		520D31CA1C926EC80083215F /* Sources */ = {
			isa = PBXSourcesBuildPhase;
			buildActionMask = 2147483647;
			files = (
				520D31D31C926EC80083215F /* MoviesDbUITests.swift in Sources */,
			);
			runOnlyForDeploymentPostprocessing = 0;
		};
/* End PBXSourcesBuildPhase section */

/* Begin PBXTargetDependency section */
		520D31C51C926EC80083215F /* PBXTargetDependency */ = {
			isa = PBXTargetDependency;
			target = 520D31AE1C926EC80083215F /* MoviesDb */;
			targetProxy = 520D31C41C926EC80083215F /* PBXContainerItemProxy */;
		};
		520D31D01C926EC80083215F /* PBXTargetDependency */ = {
			isa = PBXTargetDependency;
			target = 520D31AE1C926EC80083215F /* MoviesDb */;
			targetProxy = 520D31CF1C926EC80083215F /* PBXContainerItemProxy */;
		};
/* End PBXTargetDependency section */

/* Begin PBXVariantGroup section */
		520D31B61C926EC80083215F /* Main.storyboard */ = {
			isa = PBXVariantGroup;
			children = (
				520D31B71C926EC80083215F /* Base */,
			);
			name = Main.storyboard;
			sourceTree = "<group>";
		};
		520D31BB1C926EC80083215F /* LaunchScreen.storyboard */ = {
			isa = PBXVariantGroup;
			children = (
				520D31BC1C926EC80083215F /* Base */,
			);
			name = LaunchScreen.storyboard;
			sourceTree = "<group>";
		};
/* End PBXVariantGroup section */

/* Begin XCBuildConfiguration section */
		520D31D51C926EC80083215F /* Debug */ = {
			isa = XCBuildConfiguration;
			buildSettings = {
				ALWAYS_SEARCH_USER_PATHS = NO;
				CLANG_CXX_LANGUAGE_STANDARD = "gnu++0x";
				CLANG_CXX_LIBRARY = "libc++";
				CLANG_ENABLE_MODULES = YES;
				CLANG_ENABLE_OBJC_ARC = YES;
				CLANG_WARN_BOOL_CONVERSION = YES;
				CLANG_WARN_CONSTANT_CONVERSION = YES;
				CLANG_WARN_DIRECT_OBJC_ISA_USAGE = YES_ERROR;
				CLANG_WARN_EMPTY_BODY = YES;
				CLANG_WARN_ENUM_CONVERSION = YES;
				CLANG_WARN_INT_CONVERSION = YES;
				CLANG_WARN_OBJC_ROOT_CLASS = YES_ERROR;
				CLANG_WARN_UNREACHABLE_CODE = YES;
				CLANG_WARN__DUPLICATE_METHOD_MATCH = YES;
				"CODE_SIGN_IDENTITY[sdk=iphoneos*]" = "iPhone Developer";
				COPY_PHASE_STRIP = NO;
				DEBUG_INFORMATION_FORMAT = dwarf;
				ENABLE_STRICT_OBJC_MSGSEND = YES;
				ENABLE_TESTABILITY = YES;
				GCC_C_LANGUAGE_STANDARD = gnu99;
				GCC_DYNAMIC_NO_PIC = NO;
				GCC_NO_COMMON_BLOCKS = YES;
				GCC_OPTIMIZATION_LEVEL = 0;
				GCC_PREPROCESSOR_DEFINITIONS = (
					"DEBUG=1",
					"$(inherited)",
				);
				GCC_WARN_64_TO_32_BIT_CONVERSION = YES;
				GCC_WARN_ABOUT_RETURN_TYPE = YES_ERROR;
				GCC_WARN_UNDECLARED_SELECTOR = YES;
				GCC_WARN_UNINITIALIZED_AUTOS = YES_AGGRESSIVE;
				GCC_WARN_UNUSED_FUNCTION = YES;
				GCC_WARN_UNUSED_VARIABLE = YES;
				IPHONEOS_DEPLOYMENT_TARGET = 9.2;
				MTL_ENABLE_DEBUG_INFO = YES;
				ONLY_ACTIVE_ARCH = YES;
				SDKROOT = iphoneos;
				SWIFT_OPTIMIZATION_LEVEL = "-Onone";
			};
			name = Debug;
		};
		520D31D61C926EC80083215F /* Release */ = {
			isa = XCBuildConfiguration;
			buildSettings = {
				ALWAYS_SEARCH_USER_PATHS = NO;
				CLANG_CXX_LANGUAGE_STANDARD = "gnu++0x";
				CLANG_CXX_LIBRARY = "libc++";
				CLANG_ENABLE_MODULES = YES;
				CLANG_ENABLE_OBJC_ARC = YES;
				CLANG_WARN_BOOL_CONVERSION = YES;
				CLANG_WARN_CONSTANT_CONVERSION = YES;
				CLANG_WARN_DIRECT_OBJC_ISA_USAGE = YES_ERROR;
				CLANG_WARN_EMPTY_BODY = YES;
				CLANG_WARN_ENUM_CONVERSION = YES;
				CLANG_WARN_INT_CONVERSION = YES;
				CLANG_WARN_OBJC_ROOT_CLASS = YES_ERROR;
				CLANG_WARN_UNREACHABLE_CODE = YES;
				CLANG_WARN__DUPLICATE_METHOD_MATCH = YES;
				"CODE_SIGN_IDENTITY[sdk=iphoneos*]" = "iPhone Developer";
				COPY_PHASE_STRIP = NO;
				DEBUG_INFORMATION_FORMAT = "dwarf-with-dsym";
				ENABLE_NS_ASSERTIONS = NO;
				ENABLE_STRICT_OBJC_MSGSEND = YES;
				GCC_C_LANGUAGE_STANDARD = gnu99;
				GCC_NO_COMMON_BLOCKS = YES;
				GCC_WARN_64_TO_32_BIT_CONVERSION = YES;
				GCC_WARN_ABOUT_RETURN_TYPE = YES_ERROR;
				GCC_WARN_UNDECLARED_SELECTOR = YES;
				GCC_WARN_UNINITIALIZED_AUTOS = YES_AGGRESSIVE;
				GCC_WARN_UNUSED_FUNCTION = YES;
				GCC_WARN_UNUSED_VARIABLE = YES;
				IPHONEOS_DEPLOYMENT_TARGET = 9.2;
				MTL_ENABLE_DEBUG_INFO = NO;
				SDKROOT = iphoneos;
				VALIDATE_PRODUCT = YES;
			};
			name = Release;
		};
		520D31D81C926EC80083215F /* Debug */ = {
			isa = XCBuildConfiguration;
			baseConfigurationReference = 1AC26D0DFDB1C5FD3299980D /* Pods.debug.xcconfig */;
			buildSettings = {
				ASSETCATALOG_COMPILER_APPICON_NAME = AppIcon;
				INFOPLIST_FILE = MoviesDb/Info.plist;
				LD_RUNPATH_SEARCH_PATHS = "$(inherited) @executable_path/Frameworks";
				PRODUCT_BUNDLE_IDENTIFIER = com.rodrigo.MoviesDb;
				PRODUCT_NAME = "$(TARGET_NAME)";
			};
			name = Debug;
		};
		520D31D91C926EC80083215F /* Release */ = {
			isa = XCBuildConfiguration;
			baseConfigurationReference = D0667DAC3727F20EF4124F5D /* Pods.release.xcconfig */;
			buildSettings = {
				ASSETCATALOG_COMPILER_APPICON_NAME = AppIcon;
				INFOPLIST_FILE = MoviesDb/Info.plist;
				LD_RUNPATH_SEARCH_PATHS = "$(inherited) @executable_path/Frameworks";
				PRODUCT_BUNDLE_IDENTIFIER = com.rodrigo.MoviesDb;
				PRODUCT_NAME = "$(TARGET_NAME)";
			};
			name = Release;
		};
		520D31DB1C926EC80083215F /* Debug */ = {
			isa = XCBuildConfiguration;
			buildSettings = {
				BUNDLE_LOADER = "$(TEST_HOST)";
				INFOPLIST_FILE = MoviesDbTests/Info.plist;
				LD_RUNPATH_SEARCH_PATHS = "$(inherited) @executable_path/Frameworks @loader_path/Frameworks";
				PRODUCT_BUNDLE_IDENTIFIER = com.rodrigo.MoviesDbTests;
				PRODUCT_NAME = "$(TARGET_NAME)";
				TEST_HOST = "$(BUILT_PRODUCTS_DIR)/MoviesDb.app/MoviesDb";
			};
			name = Debug;
		};
		520D31DC1C926EC80083215F /* Release */ = {
			isa = XCBuildConfiguration;
			buildSettings = {
				BUNDLE_LOADER = "$(TEST_HOST)";
				INFOPLIST_FILE = MoviesDbTests/Info.plist;
				LD_RUNPATH_SEARCH_PATHS = "$(inherited) @executable_path/Frameworks @loader_path/Frameworks";
				PRODUCT_BUNDLE_IDENTIFIER = com.rodrigo.MoviesDbTests;
				PRODUCT_NAME = "$(TARGET_NAME)";
				TEST_HOST = "$(BUILT_PRODUCTS_DIR)/MoviesDb.app/MoviesDb";
			};
			name = Release;
		};
		520D31DE1C926EC80083215F /* Debug */ = {
			isa = XCBuildConfiguration;
			buildSettings = {
				INFOPLIST_FILE = MoviesDbUITests/Info.plist;
				LD_RUNPATH_SEARCH_PATHS = "$(inherited) @executable_path/Frameworks @loader_path/Frameworks";
				PRODUCT_BUNDLE_IDENTIFIER = com.rodrigo.MoviesDbUITests;
				PRODUCT_NAME = "$(TARGET_NAME)";
				TEST_TARGET_NAME = MoviesDb;
				USES_XCTRUNNER = YES;
			};
			name = Debug;
		};
		520D31DF1C926EC80083215F /* Release */ = {
			isa = XCBuildConfiguration;
			buildSettings = {
				INFOPLIST_FILE = MoviesDbUITests/Info.plist;
				LD_RUNPATH_SEARCH_PATHS = "$(inherited) @executable_path/Frameworks @loader_path/Frameworks";
				PRODUCT_BUNDLE_IDENTIFIER = com.rodrigo.MoviesDbUITests;
				PRODUCT_NAME = "$(TARGET_NAME)";
				TEST_TARGET_NAME = MoviesDb;
				USES_XCTRUNNER = YES;
			};
			name = Release;
		};
/* End XCBuildConfiguration section */

/* Begin XCConfigurationList section */
		520D31AA1C926EC80083215F /* Build configuration list for PBXProject "MoviesDb" */ = {
			isa = XCConfigurationList;
			buildConfigurations = (
				520D31D51C926EC80083215F /* Debug */,
				520D31D61C926EC80083215F /* Release */,
			);
			defaultConfigurationIsVisible = 0;
			defaultConfigurationName = Release;
		};
		520D31D71C926EC80083215F /* Build configuration list for PBXNativeTarget "MoviesDb" */ = {
			isa = XCConfigurationList;
			buildConfigurations = (
				520D31D81C926EC80083215F /* Debug */,
				520D31D91C926EC80083215F /* Release */,
			);
			defaultConfigurationIsVisible = 0;
			defaultConfigurationName = Release;
		};
		520D31DA1C926EC80083215F /* Build configuration list for PBXNativeTarget "MoviesDbTests" */ = {
			isa = XCConfigurationList;
			buildConfigurations = (
				520D31DB1C926EC80083215F /* Debug */,
				520D31DC1C926EC80083215F /* Release */,
			);
			defaultConfigurationIsVisible = 0;
			defaultConfigurationName = Release;
		};
		520D31DD1C926EC80083215F /* Build configuration list for PBXNativeTarget "MoviesDbUITests" */ = {
			isa = XCConfigurationList;
			buildConfigurations = (
				520D31DE1C926EC80083215F /* Debug */,
				520D31DF1C926EC80083215F /* Release */,
			);
			defaultConfigurationIsVisible = 0;
			defaultConfigurationName = Release;
		};
/* End XCConfigurationList section */
	};
	rootObject = 520D31A71C926EC80083215F /* Project object */;
}
